
Microsoft Visual Studio Solution File, Format Version 12.00
# Visual Studio 14
VisualStudioVersion = 14.0.25420.1
MinimumVisualStudioVersion = 10.0.40219.1
Project("{FAE04EC0-301F-11D3-BF4B-00C04F79EFBC}") = "P01ExcellentResult", "P01ExcellentResult\P01ExcellentResult.csproj", "{481D0FB9-0DCA-416E-9A46-6198989E7B02}"
EndProject
Project("{FAE04EC0-301F-11D3-BF4B-00C04F79EFBC}") = "P02ExcellentOrNot", "P02ExcellentOrNot\P02ExcellentOrNot.csproj", "{55107587-7A20-476C-AB9F-6D4E43E40C70}"
EndProject
Project("{FAE04EC0-301F-11D3-BF4B-00C04F79EFBC}") = "P03EvenOrOdd", "P03EvenOrOdd\P03EvenOrOdd.csproj", "{363817F0-7F16-4AA2-9EB8-438E9E67FAED}"
EndProject
Project("{FAE04EC0-301F-11D3-BF4B-00C04F79EFBC}") = "P04GreaterNumber", "P04GreaterNumber\P04GreaterNumber.csproj", "{8270E6A0-3921-4124-9AA5-6BE1F1EA2128}"
EndProject
Project("{FAE04EC0-301F-11D3-BF4B-00C04F79EFBC}") = "P05NumberFrom0To9ToText", "P05NumberFrom0To9ToText\P05NumberFrom0To9ToText.csproj", "{2F501979-BDA7-4337-A754-7EDB85D87E7B}"
EndProject
Project("{FAE04EC0-301F-11D3-BF4B-00C04F79EFBC}") = "P06BonusScore", "P06BonusScore\P06BonusScore.csproj", "{E399CF51-8C97-485D-8A74-8F2464C2D71A}"
EndProject
Project("{FAE04EC0-301F-11D3-BF4B-00C04F79EFBC}") = "P07SumSeconds", "P07SumSeconds\P07SumSeconds.csproj", "{66FE665C-FC03-494E-8F7B-9CDDFC278F86}"
EndProject
Project("{FAE04EC0-301F-11D3-BF4B-00C04F79EFBC}") = "P08MetricConverter", "P08MetricConverter\P08MetricConverter.csproj", "{CA4761C7-001F-4708-821D-1FCE1BE9D358}"
EndProject
Project("{FAE04EC0-301F-11D3-BF4B-00C04F79EFBC}") = "P09PasswordGuess", "P09PasswordGuess\P09PasswordGuess.csproj", "{49FA49E1-1CD9-497E-8B5F-46CA5CC8282F}"
EndProject
Project("{FAE04EC0-301F-11D3-BF4B-00C04F79EFBC}") = "P10NumberFrom100To200", "P10NumberFrom100To200\P10NumberFrom100To200.csproj", "{50FC9E65-F956-4AAB-982A-2CA099804FB5}"
EndProject
Project("{FAE04EC0-301F-11D3-BF4B-00C04F79EFBC}") = "P11EqualWords", "P11EqualWords\P11EqualWords.csproj", "{A7241A67-95E0-402C-8380-CBCE51BF9046}"
EndProject
Project("{FAE04EC0-301F-11D3-BF4B-00C04F79EFBC}") = "P12SpeedInfo", "P12SpeedInfo\P12SpeedInfo.csproj", "{CD98D6C0-D69A-4EE7-B42C-32BA1BC3CAD1}"
EndProject
Project("{FAE04EC0-301F-11D3-BF4B-00C04F79EFBC}") = "P13AreaOfFigures", "P13AreaOfFigures\P13AreaOfFigures.csproj", "{387E13CD-724E-44C3-9932-0AB3783D1A9E}"
EndProject
Project("{FAE04EC0-301F-11D3-BF4B-00C04F79EFBC}") = "P14TimePlus15Minutes", "P14TimePlus15Minutes\P14TimePlus15Minutes.csproj", "{650E5A8F-0FC3-467E-AC97-0DCB2DB2C95C}"
EndProject
Project("{FAE04EC0-301F-11D3-BF4B-00C04F79EFBC}") = "P15_3EqualNumbers", "P15_3EqualNumbers\P15_3EqualNumbers.csproj", "{C60096AD-D806-4D9B-9899-B79FD24FF085}"
EndProject
Project("{FAE04EC0-301F-11D3-BF4B-00C04F79EFBC}") = "P16NumberFrom0To100ToText", "P16NumberFrom0To100ToText\P16NumberFrom0To100ToText.csproj", "{24029BB5-81EE-4757-A6C8-FB5D472598B6}"
EndProject
Global
	GlobalSection(SolutionConfigurationPlatforms) = preSolution
		Debug|Any CPU = Debug|Any CPU
		Release|Any CPU = Release|Any CPU
	EndGlobalSection
	GlobalSection(ProjectConfigurationPlatforms) = postSolution
		{481D0FB9-0DCA-416E-9A46-6198989E7B02}.Debug|Any CPU.ActiveCfg = Debug|Any CPU
		{481D0FB9-0DCA-416E-9A46-6198989E7B02}.Debug|Any CPU.Build.0 = Debug|Any CPU
		{481D0FB9-0DCA-416E-9A46-6198989E7B02}.Release|Any CPU.ActiveCfg = Release|Any CPU
		{481D0FB9-0DCA-416E-9A46-6198989E7B02}.Release|Any CPU.Build.0 = Release|Any CPU
		{55107587-7A20-476C-AB9F-6D4E43E40C70}.Debug|Any CPU.ActiveCfg = Debug|Any CPU
		{55107587-7A20-476C-AB9F-6D4E43E40C70}.Debug|Any CPU.Build.0 = Debug|Any CPU
		{55107587-7A20-476C-AB9F-6D4E43E40C70}.Release|Any CPU.ActiveCfg = Release|Any CPU
		{55107587-7A20-476C-AB9F-6D4E43E40C70}.Release|Any CPU.Build.0 = Release|Any CPU
		{363817F0-7F16-4AA2-9EB8-438E9E67FAED}.Debug|Any CPU.ActiveCfg = Debug|Any CPU
		{363817F0-7F16-4AA2-9EB8-438E9E67FAED}.Debug|Any CPU.Build.0 = Debug|Any CPU
		{363817F0-7F16-4AA2-9EB8-438E9E67FAED}.Release|Any CPU.ActiveCfg = Release|Any CPU
		{363817F0-7F16-4AA2-9EB8-438E9E67FAED}.Release|Any CPU.Build.0 = Release|Any CPU
		{8270E6A0-3921-4124-9AA5-6BE1F1EA2128}.Debug|Any CPU.ActiveCfg = Debug|Any CPU
		{8270E6A0-3921-4124-9AA5-6BE1F1EA2128}.Debug|Any CPU.Build.0 = Debug|Any CPU
		{8270E6A0-3921-4124-9AA5-6BE1F1EA2128}.Release|Any CPU.ActiveCfg = Release|Any CPU
		{8270E6A0-3921-4124-9AA5-6BE1F1EA2128}.Release|Any CPU.Build.0 = Release|Any CPU
		{2F501979-BDA7-4337-A754-7EDB85D87E7B}.Debug|Any CPU.ActiveCfg = Debug|Any CPU
		{2F501979-BDA7-4337-A754-7EDB85D87E7B}.Debug|Any CPU.Build.0 = Debug|Any CPU
		{2F501979-BDA7-4337-A754-7EDB85D87E7B}.Release|Any CPU.ActiveCfg = Release|Any CPU
		{2F501979-BDA7-4337-A754-7EDB85D87E7B}.Release|Any CPU.Build.0 = Release|Any CPU
		{E399CF51-8C97-485D-8A74-8F2464C2D71A}.Debug|Any CPU.ActiveCfg = Debug|Any CPU
		{E399CF51-8C97-485D-8A74-8F2464C2D71A}.Debug|Any CPU.Build.0 = Debug|Any CPU
		{E399CF51-8C97-485D-8A74-8F2464C2D71A}.Release|Any CPU.ActiveCfg = Release|Any CPU
		{E399CF51-8C97-485D-8A74-8F2464C2D71A}.Release|Any CPU.Build.0 = Release|Any CPU
		{66FE665C-FC03-494E-8F7B-9CDDFC278F86}.Debug|Any CPU.ActiveCfg = Debug|Any CPU
		{66FE665C-FC03-494E-8F7B-9CDDFC278F86}.Debug|Any CPU.Build.0 = Debug|Any CPU
		{66FE665C-FC03-494E-8F7B-9CDDFC278F86}.Release|Any CPU.ActiveCfg = Release|Any CPU
		{66FE665C-FC03-494E-8F7B-9CDDFC278F86}.Release|Any CPU.Build.0 = Release|Any CPU
		{CA4761C7-001F-4708-821D-1FCE1BE9D358}.Debug|Any CPU.ActiveCfg = Debug|Any CPU
		{CA4761C7-001F-4708-821D-1FCE1BE9D358}.Debug|Any CPU.Build.0 = Debug|Any CPU
		{CA4761C7-001F-4708-821D-1FCE1BE9D358}.Release|Any CPU.ActiveCfg = Release|Any CPU
		{CA4761C7-001F-4708-821D-1FCE1BE9D358}.Release|Any CPU.Build.0 = Release|Any CPU
		{49FA49E1-1CD9-497E-8B5F-46CA5CC8282F}.Debug|Any CPU.ActiveCfg = Debug|Any CPU
		{49FA49E1-1CD9-497E-8B5F-46CA5CC8282F}.Debug|Any CPU.Build.0 = Debug|Any CPU
		{49FA49E1-1CD9-497E-8B5F-46CA5CC8282F}.Release|Any CPU.ActiveCfg = Release|Any CPU
		{49FA49E1-1CD9-497E-8B5F-46CA5CC8282F}.Release|Any CPU.Build.0 = Release|Any CPU
		{50FC9E65-F956-4AAB-982A-2CA099804FB5}.Debug|Any CPU.ActiveCfg = Debug|Any CPU
		{50FC9E65-F956-4AAB-982A-2CA099804FB5}.Debug|Any CPU.Build.0 = Debug|Any CPU
		{50FC9E65-F956-4AAB-982A-2CA099804FB5}.Release|Any CPU.ActiveCfg = Release|Any CPU
		{50FC9E65-F956-4AAB-982A-2CA099804FB5}.Release|Any CPU.Build.0 = Release|Any CPU
		{A7241A67-95E0-402C-8380-CBCE51BF9046}.Debug|Any CPU.ActiveCfg = Debug|Any CPU
		{A7241A67-95E0-402C-8380-CBCE51BF9046}.Debug|Any CPU.Build.0 = Debug|Any CPU
		{A7241A67-95E0-402C-8380-CBCE51BF9046}.Release|Any CPU.ActiveCfg = Release|Any CPU
		{A7241A67-95E0-402C-8380-CBCE51BF9046}.Release|Any CPU.Build.0 = Release|Any CPU
		{CD98D6C0-D69A-4EE7-B42C-32BA1BC3CAD1}.Debug|Any CPU.ActiveCfg = Debug|Any CPU
		{CD98D6C0-D69A-4EE7-B42C-32BA1BC3CAD1}.Debug|Any CPU.Build.0 = Debug|Any CPU
		{CD98D6C0-D69A-4EE7-B42C-32BA1BC3CAD1}.Release|Any CPU.ActiveCfg = Release|Any CPU
		{CD98D6C0-D69A-4EE7-B42C-32BA1BC3CAD1}.Release|Any CPU.Build.0 = Release|Any CPU
		{387E13CD-724E-44C3-9932-0AB3783D1A9E}.Debug|Any CPU.ActiveCfg = Debug|Any CPU
		{387E13CD-724E-44C3-9932-0AB3783D1A9E}.Debug|Any CPU.Build.0 = Debug|Any CPU
		{387E13CD-724E-44C3-9932-0AB3783D1A9E}.Release|Any CPU.ActiveCfg = Release|Any CPU
		{387E13CD-724E-44C3-9932-0AB3783D1A9E}.Release|Any CPU.Build.0 = Release|Any CPU
		{650E5A8F-0FC3-467E-AC97-0DCB2DB2C95C}.Debug|Any CPU.ActiveCfg = Debug|Any CPU
		{650E5A8F-0FC3-467E-AC97-0DCB2DB2C95C}.Debug|Any CPU.Build.0 = Debug|Any CPU
		{650E5A8F-0FC3-467E-AC97-0DCB2DB2C95C}.Release|Any CPU.ActiveCfg = Release|Any CPU
		{650E5A8F-0FC3-467E-AC97-0DCB2DB2C95C}.Release|Any CPU.Build.0 = Release|Any CPU
		{C60096AD-D806-4D9B-9899-B79FD24FF085}.Debug|Any CPU.ActiveCfg = Debug|Any CPU
		{C60096AD-D806-4D9B-9899-B79FD24FF085}.Debug|Any CPU.Build.0 = Debug|Any CPU
		{C60096AD-D806-4D9B-9899-B79FD24FF085}.Release|Any CPU.ActiveCfg = Release|Any CPU
		{C60096AD-D806-4D9B-9899-B79FD24FF085}.Release|Any CPU.Build.0 = Release|Any CPU
		{24029BB5-81EE-4757-A6C8-FB5D472598B6}.Debug|Any CPU.ActiveCfg = Debug|Any CPU
		{24029BB5-81EE-4757-A6C8-FB5D472598B6}.Debug|Any CPU.Build.0 = Debug|Any CPU
		{24029BB5-81EE-4757-A6C8-FB5D472598B6}.Release|Any CPU.ActiveCfg = Release|Any CPU
		{24029BB5-81EE-4757-A6C8-FB5D472598B6}.Release|Any CPU.Build.0 = Release|Any CPU
	EndGlobalSection
	GlobalSection(SolutionProperties) = preSolution
		HideSolutionNode = FALSE
	EndGlobalSection
EndGlobal
